
Microsoft Visual Studio Solution File, Format Version 12.00
# Visual Studio Version 17
VisualStudioVersion = 17.14.36327.8
MinimumVisualStudioVersion = 10.0.40219.1
Project("{FAE04EC0-301F-11D3-BF4B-00C04F79EFBC}") = "Ereoz.Serialization", "Ereoz.Serialization\Ereoz.Serialization.csproj", "{CB3FEF2F-6275-FCBB-78B2-DC259B7C4AC2}"
EndProject
Project("{FAE04EC0-301F-11D3-BF4B-00C04F79EFBC}") = "Ereoz.Serialization.Tests", "Ereoz.Serialization.Tests\Ereoz.Serialization.Tests.csproj", "{6D39EA20-C769-3B00-6910-9528CF2D01FE}"
EndProject
Global
	GlobalSection(SolutionConfigurationPlatforms) = preSolution
		Debug|Any CPU = Debug|Any CPU
		Release|Any CPU = Release|Any CPU
	EndGlobalSection
	GlobalSection(ProjectConfigurationPlatforms) = postSolution
		{CB3FEF2F-6275-FCBB-78B2-DC259B7C4AC2}.Debug|Any CPU.ActiveCfg = Debug|Any CPU
		{CB3FEF2F-6275-FCBB-78B2-DC259B7C4AC2}.Debug|Any CPU.Build.0 = Debug|Any CPU
		{CB3FEF2F-6275-FCBB-78B2-DC259B7C4AC2}.Release|Any CPU.ActiveCfg = Release|Any CPU
		{CB3FEF2F-6275-FCBB-78B2-DC259B7C4AC2}.Release|Any CPU.Build.0 = Release|Any CPU
		{6D39EA20-C769-3B00-6910-9528CF2D01FE}.Debug|Any CPU.ActiveCfg = Debug|Any CPU
		{6D39EA20-C769-3B00-6910-9528CF2D01FE}.Debug|Any CPU.Build.0 = Debug|Any CPU
		{6D39EA20-C769-3B00-6910-9528CF2D01FE}.Release|Any CPU.ActiveCfg = Release|Any CPU
		{6D39EA20-C769-3B00-6910-9528CF2D01FE}.Release|Any CPU.Build.0 = Release|Any CPU
	EndGlobalSection
	GlobalSection(SolutionProperties) = preSolution
		HideSolutionNode = FALSE
	EndGlobalSection
	GlobalSection(ExtensibilityGlobals) = postSolution
		SolutionGuid = {3697631A-F0D6-4205-8DFB-FB09056581C6}
	EndGlobalSection
EndGlobal
